
Microsoft Visual Studio Solution File, Format Version 12.00
# Visual Studio Version 16
VisualStudioVersion = 16.0.29519.181
MinimumVisualStudioVersion = 10.0.40219.1
Project("{8BC9CEB8-8B4A-11D0-8D11-00A0C91BC942}") = "FTPServer", "FTPServer\FTPServer.vcxproj", "{84486299-7AA9-4AD1-B28C-B026B9116770}"
EndProject
Global
	GlobalSection(SolutionConfigurationPlatforms) = preSolution
		Debug|x64 = Debug|x64
		Debug|x86 = Debug|x86
		Release|x64 = Release|x64
		Release|x86 = Release|x86
	EndGlobalSection
	GlobalSection(ProjectConfigurationPlatforms) = postSolution
		{84486299-7AA9-4AD1-B28C-B026B9116770}.Debug|x64.ActiveCfg = Debug|x64
		{84486299-7AA9-4AD1-B28C-B026B9116770}.Debug|x64.Build.0 = Debug|x64
		{84486299-7AA9-4AD1-B28C-B026B9116770}.Debug|x86.ActiveCfg = Debug|Win32
		{84486299-7AA9-4AD1-B28C-B026B9116770}.Debug|x86.Build.0 = Debug|Win32
		{84486299-7AA9-4AD1-B28C-B026B9116770}.Release|x64.ActiveCfg = Release|x64
		{84486299-7AA9-4AD1-B28C-B026B9116770}.Release|x64.Build.0 = Release|x64
		{84486299-7AA9-4AD1-B28C-B026B9116770}.Release|x86.ActiveCfg = Release|Win32
		{84486299-7AA9-4AD1-B28C-B026B9116770}.Release|x86.Build.0 = Release|Win32
	EndGlobalSection
	GlobalSection(SolutionProperties) = preSolution
		HideSolutionNode = FALSE
	EndGlobalSection
	GlobalSection(ExtensibilityGlobals) = postSolution
		SolutionGuid = {B1A38C99-ED2E-4BD4-8D0D-9FFE9CC22989}
	EndGlobalSection
EndGlobal
